// !$*UTF8*$!
{
	archiveVersion = 1;
	classes = {
	};
	objectVersion = 46;
	objects = {

/* Begin PBXBuildFile section */
		6D50DBCD1FCF851E0073775F /* AppDelegate.swift in Sources */ = {isa = PBXBuildFile; fileRef = 6D50DBCC1FCF851E0073775F /* AppDelegate.swift */; };
		6D50DBD21FCF851E0073775F /* Main.storyboard in Resources */ = {isa = PBXBuildFile; fileRef = 6D50DBD01FCF851E0073775F /* Main.storyboard */; };
		6D50DBD41FCF851E0073775F /* Assets.xcassets in Resources */ = {isa = PBXBuildFile; fileRef = 6D50DBD31FCF851E0073775F /* Assets.xcassets */; };
		6D50DBD71FCF851E0073775F /* LaunchScreen.storyboard in Resources */ = {isa = PBXBuildFile; fileRef = 6D50DBD51FCF851E0073775F /* LaunchScreen.storyboard */; };
		6D50DBDF1FCF87280073775F /* FavoritesList.swift in Sources */ = {isa = PBXBuildFile; fileRef = 6D50DBDE1FCF87280073775F /* FavoritesList.swift */; };
		6D50DBE31FCF8DBA0073775F /* RootViewController.swift in Sources */ = {isa = PBXBuildFile; fileRef = 6D50DBE21FCF8DBA0073775F /* RootViewController.swift */; };
		6D50DBE51FCF9C160073775F /* FontListViewController.swift in Sources */ = {isa = PBXBuildFile; fileRef = 6D50DBE41FCF9C160073775F /* FontListViewController.swift */; };
		6D50DBE71FCFA5290073775F /* FontSizesViewController.swift in Sources */ = {isa = PBXBuildFile; fileRef = 6D50DBE61FCFA5290073775F /* FontSizesViewController.swift */; };
		6D50DBE91FCFAAA30073775F /* FontInfoViewController.swift in Sources */ = {isa = PBXBuildFile; fileRef = 6D50DBE81FCFAAA30073775F /* FontInfoViewController.swift */; };
/* End PBXBuildFile section */

/* Begin PBXFileReference section */
		6D50DBC91FCF851E0073775F /* MAPD714-F2017-Fonts.app */ = {isa = PBXFileReference; explicitFileType = wrapper.application; includeInIndex = 0; path = "MAPD714-F2017-Fonts.app"; sourceTree = BUILT_PRODUCTS_DIR; };
		6D50DBCC1FCF851E0073775F /* AppDelegate.swift */ = {isa = PBXFileReference; lastKnownFileType = sourcecode.swift; path = AppDelegate.swift; sourceTree = "<group>"; };
		6D50DBD11FCF851E0073775F /* Base */ = {isa = PBXFileReference; lastKnownFileType = file.storyboard; name = Base; path = Base.lproj/Main.storyboard; sourceTree = "<group>"; };
		6D50DBD31FCF851E0073775F /* Assets.xcassets */ = {isa = PBXFileReference; lastKnownFileType = folder.assetcatalog; path = Assets.xcassets; sourceTree = "<group>"; };
		6D50DBD61FCF851E0073775F /* Base */ = {isa = PBXFileReference; lastKnownFileType = file.storyboard; name = Base; path = Base.lproj/LaunchScreen.storyboard; sourceTree = "<group>"; };
		6D50DBD81FCF851E0073775F /* Info.plist */ = {isa = PBXFileReference; lastKnownFileType = text.plist.xml; path = Info.plist; sourceTree = "<group>"; };
		6D50DBDE1FCF87280073775F /* FavoritesList.swift */ = {isa = PBXFileReference; fileEncoding = 4; lastKnownFileType = sourcecode.swift; path = FavoritesList.swift; sourceTree = "<group>"; };
		6D50DBE21FCF8DBA0073775F /* RootViewController.swift */ = {isa = PBXFileReference; fileEncoding = 4; lastKnownFileType = sourcecode.swift; name = RootViewController.swift; path = "MAPD714-F2017-Fonts/RootViewController.swift"; sourceTree = "<group>"; };
		6D50DBE41FCF9C160073775F /* FontListViewController.swift */ = {isa = PBXFileReference; fileEncoding = 4; lastKnownFileType = sourcecode.swift; path = FontListViewController.swift; sourceTree = "<group>"; };
		6D50DBE61FCFA5290073775F /* FontSizesViewController.swift */ = {isa = PBXFileReference; fileEncoding = 4; lastKnownFileType = sourcecode.swift; path = FontSizesViewController.swift; sourceTree = "<group>"; };
		6D50DBE81FCFAAA30073775F /* FontInfoViewController.swift */ = {isa = PBXFileReference; fileEncoding = 4; lastKnownFileType = sourcecode.swift; path = FontInfoViewController.swift; sourceTree = "<group>"; };
/* End PBXFileReference section */

/* Begin PBXFrameworksBuildPhase section */
		6D50DBC61FCF851E0073775F /* Frameworks */ = {
			isa = PBXFrameworksBuildPhase;
			buildActionMask = 2147483647;
			files = (
			);
			runOnlyForDeploymentPostprocessing = 0;
		};
/* End PBXFrameworksBuildPhase section */

/* Begin PBXGroup section */
		6D50DBC01FCF851E0073775F = {
			isa = PBXGroup;
			children = (
				6D50DBE21FCF8DBA0073775F /* RootViewController.swift */,
				6D50DBCB1FCF851E0073775F /* MAPD714-F2017-Fonts */,
				6D50DBCA1FCF851E0073775F /* Products */,
			);
			sourceTree = "<group>";
		};
		6D50DBCA1FCF851E0073775F /* Products */ = {
			isa = PBXGroup;
			children = (
				6D50DBC91FCF851E0073775F /* MAPD714-F2017-Fonts.app */,
			);
			name = Products;
			sourceTree = "<group>";
		};
		6D50DBCB1FCF851E0073775F /* MAPD714-F2017-Fonts */ = {
			isa = PBXGroup;
			children = (
				6D50DBCC1FCF851E0073775F /* AppDelegate.swift */,
				6D50DBD01FCF851E0073775F /* Main.storyboard */,
				6D50DBD31FCF851E0073775F /* Assets.xcassets */,
				6D50DBD51FCF851E0073775F /* LaunchScreen.storyboard */,
				6D50DBD81FCF851E0073775F /* Info.plist */,
				6D50DBDE1FCF87280073775F /* FavoritesList.swift */,
				6D50DBE41FCF9C160073775F /* FontListViewController.swift */,
				6D50DBE61FCFA5290073775F /* FontSizesViewController.swift */,
				6D50DBE81FCFAAA30073775F /* FontInfoViewController.swift */,
			);
			path = "MAPD714-F2017-Fonts";
			sourceTree = "<group>";
		};
/* End PBXGroup section */

/* Begin PBXNativeTarget section */
		6D50DBC81FCF851E0073775F /* MAPD714-F2017-Fonts */ = {
			isa = PBXNativeTarget;
			buildConfigurationList = 6D50DBDB1FCF851E0073775F /* Build configuration list for PBXNativeTarget "MAPD714-F2017-Fonts" */;
			buildPhases = (
				6D50DBC51FCF851E0073775F /* Sources */,
				6D50DBC61FCF851E0073775F /* Frameworks */,
				6D50DBC71FCF851E0073775F /* Resources */,
			);
			buildRules = (
			);
			dependencies = (
			);
			name = "MAPD714-F2017-Fonts";
			productName = "MAPD714-F2017-Fonts";
			productReference = 6D50DBC91FCF851E0073775F /* MAPD714-F2017-Fonts.app */;
			productType = "com.apple.product-type.application";
		};
/* End PBXNativeTarget section */

/* Begin PBXProject section */
		6D50DBC11FCF851E0073775F /* Project object */ = {
			isa = PBXProject;
			attributes = {
				LastSwiftUpdateCheck = 0830;
				LastUpgradeCheck = 0830;
				ORGANIZATIONNAME = "Centennial College";
				TargetAttributes = {
					6D50DBC81FCF851E0073775F = {
						CreatedOnToolsVersion = 8.3.3;
						DevelopmentTeam = 2BULHRS882;
						ProvisioningStyle = Automatic;
					};
				};
			};
			buildConfigurationList = 6D50DBC41FCF851E0073775F /* Build configuration list for PBXProject "MAPD714-F2017-Fonts" */;
			compatibilityVersion = "Xcode 3.2";
			developmentRegion = English;
			hasScannedForEncodings = 0;
			knownRegions = (
				en,
				Base,
			);
			mainGroup = 6D50DBC01FCF851E0073775F;
			productRefGroup = 6D50DBCA1FCF851E0073775F /* Products */;
			projectDirPath = "";
			projectRoot = "";
			targets = (
				6D50DBC81FCF851E0073775F /* MAPD714-F2017-Fonts */,
			);
		};
/* End PBXProject section */

/* Begin PBXResourcesBuildPhase section */
		6D50DBC71FCF851E0073775F /* Resources */ = {
			isa = PBXResourcesBuildPhase;
			buildActionMask = 2147483647;
			files = (
				6D50DBD71FCF851E0073775F /* LaunchScreen.storyboard in Resources */,
				6D50DBD41FCF851E0073775F /* Assets.xcassets in Resources */,
				6D50DBD21FCF851E0073775F /* Main.storyboard in Resources */,
			);
			runOnlyForDeploymentPostprocessing = 0;
		};
/* End PBXResourcesBuildPhase section */

/* Begin PBXSourcesBuildPhase section */
		6D50DBC51FCF851E0073775F /* Sources */ = {
			isa = PBXSourcesBuildPhase;
			buildActionMask = 2147483647;
			files = (
				6D50DBE71FCFA5290073775F /* FontSizesViewController.swift in Sources */,
				6D50DBCD1FCF851E0073775F /* AppDelegate.swift in Sources */,
				6D50DBE51FCF9C160073775F /* FontListViewController.swift in Sources */,
				6D50DBE91FCFAAA30073775F /* FontInfoViewController.swift in Sources */,
				6D50DBDF1FCF87280073775F /* FavoritesList.swift in Sources */,
				6D50DBE31FCF8DBA0073775F /* RootViewController.swift in Sources */,
			);
			runOnlyForDeploymentPostprocessing = 0;
		};
/* End PBXSourcesBuildPhase section */

/* Begin PBXVariantGroup section */
		6D50DBD01FCF851E0073775F /* Main.storyboard */ = {
			isa = PBXVariantGroup;
			children = (
				6D50DBD11FCF851E0073775F /* Base */,
			);
			name = Main.storyboard;
			sourceTree = "<group>";
		};
		6D50DBD51FCF851E0073775F /* LaunchScreen.storyboard */ = {
			isa = PBXVariantGroup;
			children = (
				6D50DBD61FCF851E0073775F /* Base */,
			);
			name = LaunchScreen.storyboard;
			sourceTree = "<group>";
		};
/* End PBXVariantGroup section */

/* Begin XCBuildConfiguration section */
		6D50DBD91FCF851E0073775F /* Debug */ = {
			isa = XCBuildConfiguration;
			buildSettings = {
				ALWAYS_SEARCH_USER_PATHS = NO;
				CLANG_ANALYZER_NONNULL = YES;
				CLANG_ANALYZER_NUMBER_OBJECT_CONVERSION = YES_AGGRESSIVE;
				CLANG_CXX_LANGUAGE_STANDARD = "gnu++0x";
				CLANG_CXX_LIBRARY = "libc++";
				CLANG_ENABLE_MODULES = YES;
				CLANG_ENABLE_OBJC_ARC = YES;
				CLANG_WARN_BOOL_CONVERSION = YES;
				CLANG_WARN_CONSTANT_CONVERSION = YES;
				CLANG_WARN_DIRECT_OBJC_ISA_USAGE = YES_ERROR;
				CLANG_WARN_DOCUMENTATION_COMMENTS = YES;
				CLANG_WARN_EMPTY_BODY = YES;
				CLANG_WARN_ENUM_CONVERSION = YES;
				CLANG_WARN_INFINITE_RECURSION = YES;
				CLANG_WARN_INT_CONVERSION = YES;
				CLANG_WARN_OBJC_ROOT_CLASS = YES_ERROR;
				CLANG_WARN_SUSPICIOUS_MOVE = YES;
				CLANG_WARN_UNREACHABLE_CODE = YES;
				CLANG_WARN__DUPLICATE_METHOD_MATCH = YES;
				"CODE_SIGN_IDENTITY[sdk=iphoneos*]" = "iPhone Developer";
				COPY_PHASE_STRIP = NO;
				DEBUG_INFORMATION_FORMAT = dwarf;
				ENABLE_STRICT_OBJC_MSGSEND = YES;
				ENABLE_TESTABILITY = YES;
				GCC_C_LANGUAGE_STANDARD = gnu99;
				GCC_DYNAMIC_NO_PIC = NO;
				GCC_NO_COMMON_BLOCKS = YES;
				GCC_OPTIMIZATION_LEVEL = 0;
				GCC_PREPROCESSOR_DEFINITIONS = (
					"DEBUG=1",
					"$(inherited)",
				);
				GCC_WARN_64_TO_32_BIT_CONVERSION = YES;
				GCC_WARN_ABOUT_RETURN_TYPE = YES_ERROR;
				GCC_WARN_UNDECLARED_SELECTOR = YES;
				GCC_WARN_UNINITIALIZED_AUTOS = YES_AGGRESSIVE;
				GCC_WARN_UNUSED_FUNCTION = YES;
				GCC_WARN_UNUSED_VARIABLE = YES;
				IPHONEOS_DEPLOYMENT_TARGET = 10.3;
				MTL_ENABLE_DEBUG_INFO = YES;
				ONLY_ACTIVE_ARCH = YES;
				SDKROOT = iphoneos;
				SWIFT_ACTIVE_COMPILATION_CONDITIONS = DEBUG;
				SWIFT_OPTIMIZATION_LEVEL = "-Onone";
				TARGETED_DEVICE_FAMILY = "1,2";
			};
			name = Debug;
		};
		6D50DBDA1FCF851E0073775F /* Release */ = {
			isa = XCBuildConfiguration;
			buildSettings = {
				ALWAYS_SEARCH_USER_PATHS = NO;
				CLANG_ANALYZER_NONNULL = YES;
				CLANG_ANALYZER_NUMBER_OBJECT_CONVERSION = YES_AGGRESSIVE;
				CLANG_CXX_LANGUAGE_STANDARD = "gnu++0x";
				CLANG_CXX_LIBRARY = "libc++";
				CLANG_ENABLE_MODULES = YES;
				CLANG_ENABLE_OBJC_ARC = YES;
				CLANG_WARN_BOOL_CONVERSION = YES;
				CLANG_WARN_CONSTANT_CONVERSION = YES;
				CLANG_WARN_DIRECT_OBJC_ISA_USAGE = YES_ERROR;
				CLANG_WARN_DOCUMENTATION_COMMENTS = YES;
				CLANG_WARN_EMPTY_BODY = YES;
				CLANG_WARN_ENUM_CONVERSION = YES;
				CLANG_WARN_INFINITE_RECURSION = YES;
				CLANG_WARN_INT_CONVERSION = YES;
				CLANG_WARN_OBJC_ROOT_CLASS = YES_ERROR;
				CLANG_WARN_SUSPICIOUS_MOVE = YES;
				CLANG_WARN_UNREACHABLE_CODE = YES;
				CLANG_WARN__DUPLICATE_METHOD_MATCH = YES;
				"CODE_SIGN_IDENTITY[sdk=iphoneos*]" = "iPhone Developer";
				COPY_PHASE_STRIP = NO;
				DEBUG_INFORMATION_FORMAT = "dwarf-with-dsym";
				ENABLE_NS_ASSERTIONS = NO;
				ENABLE_STRICT_OBJC_MSGSEND = YES;
				GCC_C_LANGUAGE_STANDARD = gnu99;
				GCC_NO_COMMON_BLOCKS = YES;
				GCC_WARN_64_TO_32_BIT_CONVERSION = YES;
				GCC_WARN_ABOUT_RETURN_TYPE = YES_ERROR;
				GCC_WARN_UNDECLARED_SELECTOR = YES;
				GCC_WARN_UNINITIALIZED_AUTOS = YES_AGGRESSIVE;
				GCC_WARN_UNUSED_FUNCTION = YES;
				GCC_WARN_UNUSED_VARIABLE = YES;
				IPHONEOS_DEPLOYMENT_TARGET = 10.3;
				MTL_ENABLE_DEBUG_INFO = NO;
				SDKROOT = iphoneos;
				SWIFT_OPTIMIZATION_LEVEL = "-Owholemodule";
				TARGETED_DEVICE_FAMILY = "1,2";
				VALIDATE_PRODUCT = YES;
			};
			name = Release;
		};
		6D50DBDC1FCF851E0073775F /* Debug */ = {
			isa = XCBuildConfiguration;
			buildSettings = {
				ASSETCATALOG_COMPILER_APPICON_NAME = AppIcon;
				DEVELOPMENT_TEAM = 2BULHRS882;
				INFOPLIST_FILE = "MAPD714-F2017-Fonts/Info.plist";
				LD_RUNPATH_SEARCH_PATHS = "$(inherited) @executable_path/Frameworks";
				PRODUCT_BUNDLE_IDENTIFIER = "com.mycentennial.mapd2017.MAPD714-F2017-Fonts";
				PRODUCT_NAME = "$(TARGET_NAME)";
				SWIFT_VERSION = 3.0;
			};
			name = Debug;
		};
		6D50DBDD1FCF851E0073775F /* Release */ = {
			isa = XCBuildConfiguration;
			buildSettings = {
				ASSETCATALOG_COMPILER_APPICON_NAME = AppIcon;
				DEVELOPMENT_TEAM = 2BULHRS882;
				INFOPLIST_FILE = "MAPD714-F2017-Fonts/Info.plist";
				LD_RUNPATH_SEARCH_PATHS = "$(inherited) @executable_path/Frameworks";
				PRODUCT_BUNDLE_IDENTIFIER = "com.mycentennial.mapd2017.MAPD714-F2017-Fonts";
				PRODUCT_NAME = "$(TARGET_NAME)";
				SWIFT_VERSION = 3.0;
			};
			name = Release;
		};
/* End XCBuildConfiguration section */

/* Begin XCConfigurationList section */
		6D50DBC41FCF851E0073775F /* Build configuration list for PBXProject "MAPD714-F2017-Fonts" */ = {
			isa = XCConfigurationList;
			buildConfigurations = (
				6D50DBD91FCF851E0073775F /* Debug */,
				6D50DBDA1FCF851E0073775F /* Release */,
			);
			defaultConfigurationIsVisible = 0;
			defaultConfigurationName = Release;
		};
		6D50DBDB1FCF851E0073775F /* Build configuration list for PBXNativeTarget "MAPD714-F2017-Fonts" */ = {
			isa = XCConfigurationList;
			buildConfigurations = (
				6D50DBDC1FCF851E0073775F /* Debug */,
				6D50DBDD1FCF851E0073775F /* Release */,
			);
			defaultConfigurationIsVisible = 0;
		};
/* End XCConfigurationList section */
	};
	rootObject = 6D50DBC11FCF851E0073775F /* Project object */;
}
